{
  "name": "janggi-lab",
  "version": "0.1.0",
  "lockfileVersion": 3,
  "requires": true,
  "packages": {
    "": {
      "name": "janggi-lab",
      "version": "0.1.0",
      "dependencies": {
        "ffish-es6": "0.7.10"
      },
      "engines": {
        "node": ">=22"
      }
    },
    "node_modules/ffish-es6": {
      "version": "0.7.10",
      "resolved": "https://registry.npmjs.org/ffish-es6/-/ffish-es6-0.7.10.tgz",
      "integrity": "sha512-SxQspEQNB6Fu5GEtf6Pb1V1ZZHi1PHgq/p0gp9Y/6zHD7MqqjTmSFFzzBhZMJSFg+1XPF+xYgDF77TAUe6Jy2g==",
      "license": "GPL-3.0"
    }
  }
}
